{
    "_meta": {
        "hash": {
            "sha256": "d066f82a9a11b88852d45619a62f6ff113e997939c4a55be43674e548dc982fb"
        },
        "pipfile-spec": 6,
        "requires": {},
        "sources": [
            {
                "url": "https://pypi.python.org/simple",
                "verify_ssl": true
            }
        ]
    },
    "default": {
        "parselglossy": {
            "git": "https://github.com/dev-cafe/parselglossy.git",
            "ref": "2f44a752742a9156398fd7f6a291c52789aeda4d"
        }
    },
    "develop": {}
}
